<?xml version="1.0" encoding="utf-8"?>
<Project ToolsVersion="4.0" xmlns="http://schemas.microsoft.com/developer/msbuild/2003">
  <ItemGroup>
    <ClCompile Include="Allegro.cpp">
      <Filter>Source Files</Filter>
    </ClCompile>
    <ClCompile Include="BoxPanel.cpp">
      <Filter>Source Files</Filter>
    </ClCompile>
    <ClCompile Include="ImagesManager.cpp">
      <Filter>Source Files</Filter>
    </ClCompile>
    <ClCompile Include="Main.cpp">
      <Filter>Source Files</Filter>
    </ClCompile>
    <ClCompile Include="Widget.cpp">
      <Filter>Source Files</Filter>
    </ClCompile>
    <ClCompile Include="Model_Block.cpp">
      <Filter>Source Files\Models</Filter>
    </ClCompile>
    <ClCompile Include="Model_Blockchain.cpp">
      <Filter>Source Files\Models</Filter>
    </ClCompile>
    <ClCompile Include="Model_BoxText.cpp">
      <Filter>Source Files\Models</Filter>
    </ClCompile>
    <ClCompile Include="Model_Button_Blockchain.cpp">
      <Filter>Source Files\Models</Filter>
    </ClCompile>
    <ClCompile Include="Model_MerkleTree.cpp">
      <Filter>Source Files\Models</Filter>
    </ClCompile>
    <ClCompile Include="Model_PushButton.cpp">
      <Filter>Source Files\Models</Filter>
    </ClCompile>
    <ClCompile Include="Model_Transaction_GUI.cpp">
      <Filter>Source Files\Models</Filter>
    </ClCompile>
    <ClCompile Include="Simulation.cpp">
      <Filter>Source Files\Models</Filter>
    </ClCompile>
    <ClCompile Include="Controller_Block.cpp">
      <Filter>Source Files\Controllers</Filter>
    </ClCompile>
    <ClCompile Include="Controller_Blockchain.cpp">
      <Filter>Source Files\Controllers</Filter>
    </ClCompile>
    <ClCompile Include="Controller_BoxText.cpp">
      <Filter>Source Files\Controllers</Filter>
    </ClCompile>
    <ClCompile Include="Controller_Button_Blockchain.cpp">
      <Filter>Source Files\Controllers</Filter>
    </ClCompile>
    <ClCompile Include="Controller_MerkleTree.cpp">
      <Filter>Source Files\Controllers</Filter>
    </ClCompile>
    <ClCompile Include="Controller_Node.cpp">
      <Filter>Source Files\Controllers</Filter>
    </ClCompile>
    <ClCompile Include="Controller_PushButton.cpp">
      <Filter>Source Files\Controllers</Filter>
    </ClCompile>
    <ClCompile Include="Controller_Sim.cpp">
      <Filter>Source Files\Controllers</Filter>
    </ClCompile>
    <ClCompile Include="Controller_Transaction_GUI.cpp">
      <Filter>Source Files\Controllers</Filter>
    </ClCompile>
    <ClCompile Include="View_Transaction_GUI.cpp">
      <Filter>Source Files\Views</Filter>
    </ClCompile>
    <ClCompile Include="View_Block.cpp">
      <Filter>Source Files\Views</Filter>
    </ClCompile>
    <ClCompile Include="View_Blockchain.cpp">
      <Filter>Source Files\Views</Filter>
    </ClCompile>
    <ClCompile Include="View_BoxText.cpp">
      <Filter>Source Files\Views</Filter>
    </ClCompile>
    <ClCompile Include="View_Button_Blockchain.cpp">
      <Filter>Source Files\Views</Filter>
    </ClCompile>
    <ClCompile Include="View_MerkleTree.cpp">
      <Filter>Source Files\Views</Filter>
    </ClCompile>
    <ClCompile Include="View_PushButton.cpp">
      <Filter>Source Files\Views</Filter>
    </ClCompile>
    <ClCompile Include="SimView.cpp">
      <Filter>Source Files\Views</Filter>
    </ClCompile>
    <ClCompile Include="RegularNodeView.cpp">
      <Filter>Source Files\Views</Filter>
    </ClCompile>
    <ClCompile Include="Controller.cpp">
      <Filter>Source Files\MVC Base</Filter>
    </ClCompile>
    <ClCompile Include="Subject.cpp">
      <Filter>Source Files\MVC Base</Filter>
    </ClCompile>
    <ClCompile Include="EDAMerkleBlock.cpp">
      <Filter>Source Files\Blockchain</Filter>
    </ClCompile>
    <ClCompile Include="FullNode.cpp">
      <Filter>Source Files\Blockchain</Filter>
    </ClCompile>
    <ClCompile Include="MerkleNode.cpp">
      <Filter>Source Files\Blockchain</Filter>
    </ClCompile>
    <ClCompile Include="SPVNode.cpp">
      <Filter>Source Files\Blockchain</Filter>
    </ClCompile>
    <ClCompile Include="UTXO.cpp">
      <Filter>Source Files\Blockchain</Filter>
    </ClCompile>
    <ClCompile Include="Graph.cpp">
      <Filter>Source Files</Filter>
    </ClCompile>
    <ClCompile Include="Random.cpp">
      <Filter>Source Files</Filter>
    </ClCompile>
    <ClCompile Include="FormatConverter.cpp">
      <Filter>Source Files</Filter>
    </ClCompile>
    <ClCompile Include="Node.cpp">
      <Filter>Source Files\Models</Filter>
    </ClCompile>
    <ClCompile Include="Node.cpp">
      <Filter>Source Files\Models</Filter>
    </ClCompile>
    <ClCompile Include="MinerNode.cpp">
      <Filter>Source Files\Blockchain</Filter>
    </ClCompile>
    <ClCompile Include="Crypto.cpp">
      <Filter>Source Files</Filter>
    </ClCompile>
  </ItemGroup>
  <ItemGroup>
    <ClInclude Include="Allegro.h">
      <Filter>Headers</Filter>
    </ClInclude>
    <ClInclude Include="BoxPanel.h">
      <Filter>Headers</Filter>
    </ClInclude>
    <ClInclude Include="Definitions.h">
      <Filter>Headers</Filter>
    </ClInclude>
    <ClInclude Include="ImagesManager.h">
      <Filter>Headers</Filter>
    </ClInclude>
    <ClInclude Include="Labels.h">
      <Filter>Headers</Filter>
    </ClInclude>
    <ClInclude Include="Widget.h">
      <Filter>Headers</Filter>
    </ClInclude>
    <ClInclude Include="Controller_Block.h">
      <Filter>Headers\Controllers</Filter>
    </ClInclude>
    <ClInclude Include="Controller_Blockchain.h">
      <Filter>Headers\Controllers</Filter>
    </ClInclude>
    <ClInclude Include="Controller_BoxText.h">
      <Filter>Headers\Controllers</Filter>
    </ClInclude>
    <ClInclude Include="Controller_Button_Blockchain.h">
      <Filter>Headers\Controllers</Filter>
    </ClInclude>
    <ClInclude Include="Controller_MerkleTree.h">
      <Filter>Headers\Controllers</Filter>
    </ClInclude>
    <ClInclude Include="Controller_Node.h">
      <Filter>Headers\Controllers</Filter>
    </ClInclude>
    <ClInclude Include="Controller_PushButton.h">
      <Filter>Headers\Controllers</Filter>
    </ClInclude>
    <ClInclude Include="Controller_Sim.h">
      <Filter>Headers\Controllers</Filter>
    </ClInclude>
    <ClInclude Include="Controller_Transaction_GUI.h">
      <Filter>Headers\Controllers</Filter>
    </ClInclude>
    <ClInclude Include="Model_Block.h">
      <Filter>Headers\Models</Filter>
    </ClInclude>
    <ClInclude Include="Model_Blockchain.h">
      <Filter>Headers\Models</Filter>
    </ClInclude>
    <ClInclude Include="Model_BoxText.h">
      <Filter>Headers\Models</Filter>
    </ClInclude>
    <ClInclude Include="Model_Button_Blockchain.h">
      <Filter>Headers\Models</Filter>
    </ClInclude>
    <ClInclude Include="Model_MerkleTree.h">
      <Filter>Headers\Models</Filter>
    </ClInclude>
    <ClInclude Include="Model_PushButton.h">
      <Filter>Headers\Models</Filter>
    </ClInclude>
    <ClInclude Include="Model_Transaction_GUI.h">
      <Filter>Headers\Models</Filter>
    </ClInclude>
    <ClInclude Include="Simulation.h">
      <Filter>Headers\Models</Filter>
    </ClInclude>
    <ClInclude Include="View_Transaction_GUI.h">
      <Filter>Headers\Views</Filter>
    </ClInclude>
    <ClInclude Include="View_Block.h">
      <Filter>Headers\Views</Filter>
    </ClInclude>
    <ClInclude Include="View_Blockchain.h">
      <Filter>Headers\Views</Filter>
    </ClInclude>
    <ClInclude Include="View_BoxText.h">
      <Filter>Headers\Views</Filter>
    </ClInclude>
    <ClInclude Include="View_Button_Blockchain.h">
      <Filter>Headers\Views</Filter>
    </ClInclude>
    <ClInclude Include="View_MerkleTree.h">
      <Filter>Headers\Views</Filter>
    </ClInclude>
    <ClInclude Include="View_PushButton.h">
      <Filter>Headers\Views</Filter>
    </ClInclude>
    <ClInclude Include="SimView.h">
      <Filter>Headers\Views</Filter>
    </ClInclude>
    <ClInclude Include="RegularNodeView.h">
      <Filter>Headers\Views</Filter>
    </ClInclude>
    <ClInclude Include="EDAMerkleBlock.h">
      <Filter>Headers\Blockchain</Filter>
    </ClInclude>
    <ClInclude Include="FullNode.h">
      <Filter>Headers\Blockchain</Filter>
    </ClInclude>
    <ClInclude Include="MerkleNode.h">
      <Filter>Headers\Blockchain</Filter>
    </ClInclude>
    <ClInclude Include="MinerNode.h">
      <Filter>Headers\Blockchain</Filter>
    </ClInclude>
    <ClInclude Include="SPVNode.h">
      <Filter>Headers\Blockchain</Filter>
    </ClInclude>
    <ClInclude Include="UTXO.h">
      <Filter>Headers\Blockchain</Filter>
    </ClInclude>
    <ClInclude Include="Controller.h">
      <Filter>Headers\MVC Base</Filter>
    </ClInclude>
    <ClInclude Include="Node.h">
      <Filter>Headers\Models</Filter>
    </ClInclude>
    <ClInclude Include="Observer.h">
      <Filter>Headers\MVC Base</Filter>
    </ClInclude>
    <ClInclude Include="Subject.h">
      <Filter>Headers\MVC Base</Filter>
    </ClInclude>
    <ClInclude Include="Graph.h">
      <Filter>Headers</Filter>
    </ClInclude>
    <ClInclude Include="Random.h">
      <Filter>Headers</Filter>
    </ClInclude>
    <ClInclude Include="FormatConverter.h">
      <Filter>Headers</Filter>
    </ClInclude>
    <ClInclude Include="Crypto.h">
      <Filter>Headers</Filter>
    </ClInclude>
  </ItemGroup>
  <ItemGroup>
    <Filter Include="Headers">
      <UniqueIdentifier>{589fe103-ce98-4f61-9c2f-55d1b513f66b}</UniqueIdentifier>
    </Filter>
    <Filter Include="Source Files">
      <UniqueIdentifier>{088851d4-bdb0-403f-b5c4-f389778de5d1}</UniqueIdentifier>
    </Filter>
    <Filter Include="Headers\Controllers">
      <UniqueIdentifier>{b45aaa67-a528-4ce6-a9cc-8bfac503ce44}</UniqueIdentifier>
    </Filter>
    <Filter Include="Headers\Models">
      <UniqueIdentifier>{d8c6078b-4ecc-4e76-acae-7173431f62f3}</UniqueIdentifier>
    </Filter>
    <Filter Include="Headers\Views">
      <UniqueIdentifier>{c7039b09-5b53-4ca3-8851-603ecb852611}</UniqueIdentifier>
    </Filter>
    <Filter Include="Headers\Blockchain">
      <UniqueIdentifier>{89341f86-9f6b-4bb0-a356-0324bee07b56}</UniqueIdentifier>
    </Filter>
    <Filter Include="Headers\MVC Base">
      <UniqueIdentifier>{16c05456-de88-41df-912d-b40e150d8904}</UniqueIdentifier>
    </Filter>
    <Filter Include="Source Files\Models">
      <UniqueIdentifier>{0773e335-fd99-49c3-8f95-9baafd901bc2}</UniqueIdentifier>
    </Filter>
    <Filter Include="Source Files\Controllers">
      <UniqueIdentifier>{f6649ea9-1603-454c-8d06-a305f478434d}</UniqueIdentifier>
    </Filter>
    <Filter Include="Source Files\Views">
      <UniqueIdentifier>{b596c4d9-b85c-4682-9137-2a1bf6eb64df}</UniqueIdentifier>
    </Filter>
    <Filter Include="Source Files\Blockchain">
      <UniqueIdentifier>{08497b9a-613f-45fd-a6d7-317b2dba631f}</UniqueIdentifier>
    </Filter>
    <Filter Include="Source Files\MVC Base">
      <UniqueIdentifier>{5615127d-4b04-407c-9d93-b84fa835e400}</UniqueIdentifier>
    </Filter>
  </ItemGroup>
  <ItemGroup>
    <None Include="packages.config" />
  </ItemGroup>
</Project>