<?xml version="1.0" encoding="utf-8"?>
<Project ToolsVersion="4.0" xmlns="http://schemas.microsoft.com/developer/msbuild/2003">
  <ItemGroup>
    <ClCompile Include="FullNode.cpp">
      <Filter>Source</Filter>
    </ClCompile>
    <ClCompile Include="Main.cpp">
      <Filter>Source</Filter>
    </ClCompile>
    <ClCompile Include="Node.cpp">
      <Filter>Source</Filter>
    </ClCompile>
    <ClCompile Include="SPVNode.cpp">
      <Filter>Source</Filter>
    </ClCompile>
    <ClCompile Include="Block.cpp">
      <Filter>Source</Filter>
    </ClCompile>
    <ClCompile Include="MerkleNode.cpp">
      <Filter>Source</Filter>
    </ClCompile>
    <ClCompile Include="Board.cpp">
      <Filter>Source</Filter>
    </ClCompile>
    <ClCompile Include="ImageDescriptor.cpp">
      <Filter>Source</Filter>
    </ClCompile>
    <ClCompile Include="ImagesManager.cpp">
      <Filter>Source</Filter>
    </ClCompile>
    <ClCompile Include="Supervisor.cpp">
      <Filter>Source</Filter>
    </ClCompile>
    <ClCompile Include="Viewer.cpp">
      <Filter>Source</Filter>
    </ClCompile>
    <ClCompile Include="General_Controller.cpp">
      <Filter>Source</Filter>
    </ClCompile>
    <ClCompile Include="Subject.cpp">
      <Filter>Source</Filter>
    </ClCompile>
    <ClCompile Include="UTXO.cpp">
      <Filter>Source</Filter>
    </ClCompile>
    <ClCompile Include="Blockchain_Service.cpp">
      <Filter>Source</Filter>
    </ClCompile>
    <ClCompile Include="Blockchain_Message.cpp">
      <Filter>Source</Filter>
    </ClCompile>
  </ItemGroup>
  <ItemGroup>
    <ClInclude Include="Block.h">
      <Filter>Headers</Filter>
    </ClInclude>
    <ClInclude Include="FullNode.h">
      <Filter>Headers</Filter>
    </ClInclude>
    <ClInclude Include="Node.h">
      <Filter>Headers</Filter>
    </ClInclude>
    <ClInclude Include="SPVNode.h">
      <Filter>Headers</Filter>
    </ClInclude>
    <ClInclude Include="Labels.h">
      <Filter>Headers</Filter>
    </ClInclude>
    <ClInclude Include="MerkleNode.h">
      <Filter>Headers</Filter>
    </ClInclude>
    <ClInclude Include="Definitions.h">
      <Filter>Headers</Filter>
    </ClInclude>
    <ClInclude Include="ImageDescriptor.h">
      <Filter>Headers</Filter>
    </ClInclude>
    <ClInclude Include="ImagesManager.h">
      <Filter>Headers</Filter>
    </ClInclude>
    <ClInclude Include="Supervisor.h">
      <Filter>Headers</Filter>
    </ClInclude>
    <ClInclude Include="Viewer.h">
      <Filter>Headers</Filter>
    </ClInclude>
    <ClInclude Include="Board.h">
      <Filter>Headers</Filter>
    </ClInclude>
    <ClInclude Include="General_Controller.h">
      <Filter>Headers</Filter>
    </ClInclude>
    <ClInclude Include="Subject.h">
      <Filter>Headers</Filter>
    </ClInclude>
    <ClInclude Include="Observer.h">
      <Filter>Headers</Filter>
    </ClInclude>
    <ClInclude Include="Blockchain_Service.h">
      <Filter>Headers</Filter>
    </ClInclude>
    <ClInclude Include="UTXO.h">
      <Filter>Headers</Filter>
    </ClInclude>
    <ClInclude Include="Blockchain_Message.h">
      <Filter>Headers</Filter>
    </ClInclude>
  </ItemGroup>
  <ItemGroup>
    <Filter Include="Source">
      <UniqueIdentifier>{109dd6d0-0f7b-4d14-a26d-67ff9cd54379}</UniqueIdentifier>
    </Filter>
    <Filter Include="Headers">
      <UniqueIdentifier>{51d07e5f-bf3b-4889-96d3-5db9ea5a17e0}</UniqueIdentifier>
    </Filter>
  </ItemGroup>
  <ItemGroup>
    <None Include="packages.config" />
  </ItemGroup>
</Project>